
Microsoft Visual Studio Solution File, Format Version 12.00
# Visual Studio 15
VisualStudioVersion = 15.0.28010.2036
MinimumVisualStudioVersion = 10.0.40219.1
Project("{FAE04EC0-301F-11D3-BF4B-00C04F79EFBC}") = "CourseWork", "CourseWork\CourseWork.csproj", "{7DF008A0-BAB3-4F9D-B9EA-A645948B0C2F}"
EndProject
Global
	GlobalSection(SolutionConfigurationPlatforms) = preSolution
		Debug|Any CPU = Debug|Any CPU
		Release|Any CPU = Release|Any CPU
	EndGlobalSection
	GlobalSection(ProjectConfigurationPlatforms) = postSolution
		{7DF008A0-BAB3-4F9D-B9EA-A645948B0C2F}.Debug|Any CPU.ActiveCfg = Debug|Any CPU
		{7DF008A0-BAB3-4F9D-B9EA-A645948B0C2F}.Debug|Any CPU.Build.0 = Debug|Any CPU
		{7DF008A0-BAB3-4F9D-B9EA-A645948B0C2F}.Release|Any CPU.ActiveCfg = Release|Any CPU
		{7DF008A0-BAB3-4F9D-B9EA-A645948B0C2F}.Release|Any CPU.Build.0 = Release|Any CPU
	EndGlobalSection
	GlobalSection(SolutionProperties) = preSolution
		HideSolutionNode = FALSE
	EndGlobalSection
	GlobalSection(ExtensibilityGlobals) = postSolution
		SolutionGuid = {024A4B9C-C1C9-443D-A23B-08267E1C3036}
	EndGlobalSection
EndGlobal
